
Microsoft Visual Studio Solution File, Format Version 12.00
# Visual Studio Version 17
VisualStudioVersion = 17.2.32630.192
MinimumVisualStudioVersion = 10.0.40219.1
Project("{FAE04EC0-301F-11D3-BF4B-00C04F79EFBC}") = "SanIDE", "SanIDE.csproj", "{CD8F6469-923A-4038-A420-3ABF85ED00D8}"
EndProject
Global
	GlobalSection(SolutionConfigurationPlatforms) = preSolution
		Debug|Any CPU = Debug|Any CPU
		Release|Any CPU = Release|Any CPU
	EndGlobalSection
	GlobalSection(ProjectConfigurationPlatforms) = postSolution
		{CD8F6469-923A-4038-A420-3ABF85ED00D8}.Debug|Any CPU.ActiveCfg = Debug|Any CPU
		{CD8F6469-923A-4038-A420-3ABF85ED00D8}.Debug|Any CPU.Build.0 = Debug|Any CPU
		{CD8F6469-923A-4038-A420-3ABF85ED00D8}.Release|Any CPU.ActiveCfg = Release|Any CPU
		{CD8F6469-923A-4038-A420-3ABF85ED00D8}.Release|Any CPU.Build.0 = Release|Any CPU
	EndGlobalSection
	GlobalSection(SolutionProperties) = preSolution
		HideSolutionNode = FALSE
	EndGlobalSection
	GlobalSection(ExtensibilityGlobals) = postSolution
		SolutionGuid = {F5C43F7E-AB9A-4386-9800-8EB5A530D1D2}
	EndGlobalSection
EndGlobal
